{
  "version": 4,
  "terraform_version": "1.5.1",
  "serial": 42,
  "lineage": "3805bec4-1429-5d90-ca87-7174d2791c46",
  "outputs": {},
  "resources": [
    {
      "mode": "managed",
      "type": "google_compute_backend_service",
      "name": "psc_backend",
      "provider": "provider[\"registry.terraform.io/hashicorp/google\"]",
      "instances": [
        {
          "schema_version": 1,
          "attributes": {
            "affinity_cookie_ttl_sec": 0,
            "backend": [
              {
                "balancing_mode": "UTILIZATION",
                "capacity_scaler": 1,
                "description": "",
                "group": "https://www.googleapis.com/compute/v1/projects/guru-com-vc/regions/southamerica-east1/networkEndpointGroups/psc-neg-southamerica-east1-apigee",
                "max_connections": 0,
                "max_connections_per_endpoint": 0,
                "max_connections_per_instance": 0,
                "max_rate": 0,
                "max_rate_per_endpoint": 0,
                "max_rate_per_instance": 0,
                "max_utilization": 0
              }
            ],
            "cdn_policy": [],
            "circuit_breakers": [],
            "compression_mode": "",
            "connection_draining_timeout_sec": 300,
            "consistent_hash": [],
            "creation_timestamp": "2023-09-18T15:24:09.089-07:00",
            "custom_request_headers": null,
            "custom_response_headers": null,
            "description": "",
            "edge_security_policy": "",
            "enable_cdn": false,
            "fingerprint": "83FSmf5EVpU=",
            "generated_id": 3531764224967930086,
            "health_checks": null,
            "iap": [],
            "id": "projects/guru-com-vc/global/backendServices/apigee-loadbalancer-externo-backend",
            "load_balancing_scheme": "EXTERNAL_MANAGED",
            "locality_lb_policies": [],
            "locality_lb_policy": "",
            "log_config": [],
            "name": "apigee-loadbalancer-externo-backend",
            "outlier_detection": [],
            "port_name": "https",
            "project": "guru-com-vc",
            "protocol": "HTTPS",
            "security_policy": "",
            "security_settings": [],
            "self_link": "https://www.googleapis.com/compute/v1/projects/guru-com-vc/global/backendServices/apigee-loadbalancer-externo-backend",
            "session_affinity": "NONE",
            "timeout_sec": 30,
            "timeouts": null
          },
          "sensitive_attributes": [],
          "private": "eyJlMmJmYjczMC1lY2FhLTExZTYtOGY4OC0zNDM2M2JjN2M0YzAiOnsiY3JlYXRlIjoxMjAwMDAwMDAwMDAwLCJkZWxldGUiOjEyMDAwMDAwMDAwMDAsInVwZGF0ZSI6MTIwMDAwMDAwMDAwMH0sInNjaGVtYV92ZXJzaW9uIjoiMSJ9",
          "dependencies": [
            "google_compute_region_network_endpoint_group.psc_neg"
          ],
          "create_before_destroy": true
        }
      ]
    },
    {
      "mode": "managed",
      "type": "google_compute_forwarding_rule",
      "name": "fr-internal-apigee",
      "provider": "provider[\"registry.terraform.io/hashicorp/google-beta\"]",
      "instances": [
        {
          "schema_version": 0,
          "attributes": {
            "all_ports": false,
            "allow_global_access": true,
            "allow_psc_global_access": false,
            "backend_service": "",
            "base_forwarding_rule": "",
            "creation_timestamp": "2023-09-18T15:24:07.292-07:00",
            "description": "",
            "id": "projects/guru-com-vc/regions/southamerica-east1/forwardingRules/frontend-ilb-pr",
            "ip_address": "10.210.108.2",
            "ip_protocol": "TCP",
            "ip_version": "",
            "is_mirroring_collector": false,
            "label_fingerprint": "42WmSpB8rSM=",
            "labels": null,
            "load_balancing_scheme": "INTERNAL_MANAGED",
            "name": "frontend-ilb-pr",
            "network": "https://www.googleapis.com/compute/v1/projects/guru-com-vc/global/networks/guru-gcp-prd",
            "network_tier": "PREMIUM",
            "no_automate_dns_zone": null,
            "port_range": "80-80",
            "ports": null,
            "project": "guru-com-vc",
            "psc_connection_id": "",
            "psc_connection_status": "",
            "region": "southamerica-east1",
            "self_link": "https://www.googleapis.com/compute/v1/projects/guru-com-vc/regions/southamerica-east1/forwardingRules/frontend-ilb-pr",
            "service_directory_registrations": [],
            "service_label": "",
            "service_name": "",
            "source_ip_ranges": null,
            "subnetwork": "https://www.googleapis.com/compute/v1/projects/guru-com-vc/regions/southamerica-east1/subnetworks/guru-apigee-prd-2",
            "target": "https://www.googleapis.com/compute/beta/projects/guru-com-vc/regions/southamerica-east1/targetHttpProxies/proxy-http-apigee",
            "timeouts": null
          },
          "sensitive_attributes": [],
          "private": "eyJlMmJmYjczMC1lY2FhLTExZTYtOGY4OC0zNDM2M2JjN2M0YzAiOnsiY3JlYXRlIjoxMjAwMDAwMDAwMDAwLCJkZWxldGUiOjEyMDAwMDAwMDAwMDAsInVwZGF0ZSI6MTIwMDAwMDAwMDAwMH19",
          "dependencies": [
            "google_compute_region_target_http_proxy.proxy-ilb"
          ]
        }
      ]
    },
    {
      "mode": "managed",
      "type": "google_compute_global_address",
      "name": "default",
      "provider": "provider[\"registry.terraform.io/hashicorp/google\"]",
      "instances": [
        {
          "schema_version": 0,
          "attributes": {
            "address": "35.244.156.49",
            "address_type": "EXTERNAL",
            "creation_timestamp": "2023-09-18T15:24:06.082-07:00",
            "description": "",
            "id": "projects/guru-com-vc/global/addresses/loadbalancer-address",
            "ip_version": "",
            "name": "loadbalancer-address",
            "network": "",
            "prefix_length": 0,
            "project": "guru-com-vc",
            "purpose": "",
            "self_link": "https://www.googleapis.com/compute/v1/projects/guru-com-vc/global/addresses/loadbalancer-address",
            "timeouts": null
          },
          "sensitive_attributes": [],
          "private": "eyJlMmJmYjczMC1lY2FhLTExZTYtOGY4OC0zNDM2M2JjN2M0YzAiOnsiY3JlYXRlIjoxMjAwMDAwMDAwMDAwLCJkZWxldGUiOjEyMDAwMDAwMDAwMDB9fQ=="
        }
      ]
    },
    {
      "mode": "managed",
      "type": "google_compute_global_forwarding_rule",
      "name": "forwarding_rule_prd",
      "provider": "provider[\"registry.terraform.io/hashicorp/google-beta\"]",
      "instances": [
        {
          "schema_version": 0,
          "attributes": {
            "allow_psc_global_access": false,
            "base_forwarding_rule": "",
            "description": "",
            "id": "projects/guru-com-vc/global/forwardingRules/frontend-lb-pr",
            "ip_address": "35.244.156.49",
            "ip_protocol": "TCP",
            "ip_version": "",
            "label_fingerprint": "42WmSpB8rSM=",
            "labels": null,
            "load_balancing_scheme": "EXTERNAL_MANAGED",
            "metadata_filters": [],
            "name": "frontend-lb-pr",
            "network": "",
            "no_automate_dns_zone": null,
            "port_range": "443-443",
            "project": "guru-com-vc",
            "psc_connection_id": "",
            "psc_connection_status": "",
            "self_link": "https://www.googleapis.com/compute/v1/projects/guru-com-vc/global/forwardingRules/frontend-lb-pr",
            "source_ip_ranges": null,
            "subnetwork": "",
            "target": "https://www.googleapis.com/compute/beta/projects/guru-com-vc/global/targetHttpsProxies/loadbalancer-https-proxy",
            "timeouts": null
          },
          "sensitive_attributes": [],
          "private": "eyJlMmJmYjczMC1lY2FhLTExZTYtOGY4OC0zNDM2M2JjN2M0YzAiOnsiY3JlYXRlIjoxMjAwMDAwMDAwMDAwLCJkZWxldGUiOjEyMDAwMDAwMDAwMDAsInVwZGF0ZSI6MTIwMDAwMDAwMDAwMH19",
          "dependencies": [
            "google_compute_backend_service.psc_backend",
            "google_compute_global_address.default",
            "google_compute_region_network_endpoint_group.psc_neg",
            "google_compute_target_https_proxy.default",
            "google_compute_url_map.url_map"
          ]
        }
      ]
    },
    {
      "mode": "managed",
      "type": "google_compute_health_check",
      "name": "health_check",
      "provider": "provider[\"registry.terraform.io/hashicorp/google-beta\"]",
      "instances": [
        {
          "schema_version": 0,
          "attributes": {
            "check_interval_sec": 1,
            "creation_timestamp": "2023-09-06T05:44:29.588-07:00",
            "description": "",
            "grpc_health_check": [],
            "healthy_threshold": 2,
            "http2_health_check": [],
            "http_health_check": [
              {
                "host": "",
                "port": 80,
                "port_name": "",
                "port_specification": "",
                "proxy_header": "NONE",
                "request_path": "/",
                "response": ""
              }
            ],
            "https_health_check": [],
            "id": "projects/guru-com-vc/global/healthChecks/l7-ilb-basic-check",
            "log_config": [
              {
                "enable": false
              }
            ],
            "name": "l7-ilb-basic-check",
            "project": "guru-com-vc",
            "self_link": "https://www.googleapis.com/compute/v1/projects/guru-com-vc/global/healthChecks/l7-ilb-basic-check",
            "ssl_health_check": [],
            "tcp_health_check": [],
            "timeout_sec": 1,
            "timeouts": null,
            "type": "HTTP",
            "unhealthy_threshold": 2
          },
          "sensitive_attributes": [],
          "private": "eyJlMmJmYjczMC1lY2FhLTExZTYtOGY4OC0zNDM2M2JjN2M0YzAiOnsiY3JlYXRlIjoxMjAwMDAwMDAwMDAwLCJkZWxldGUiOjEyMDAwMDAwMDAwMDAsInVwZGF0ZSI6MTIwMDAwMDAwMDAwMH19"
        }
      ]
    },
    {
      "mode": "managed",
      "type": "google_compute_managed_ssl_certificate",
      "name": "google_certs",
      "provider": "provider[\"registry.terraform.io/hashicorp/google\"]",
      "instances": [
        {
          "schema_version": 0,
          "attributes": {
            "certificate_id": 3140182684972970218,
            "creation_timestamp": "2023-09-18T15:24:06.078-07:00",
            "description": "",
            "expire_time": "",
            "id": "projects/guru-com-vc/global/sslCertificates/certificates",
            "managed": [
              {
                "domains": [
                  "guru-prd-apigee.guruapi.com",
                  "guru-qa-apigee.guruapi.com"
                ]
              }
            ],
            "name": "certificates",
            "project": "guru-com-vc",
            "self_link": "https://www.googleapis.com/compute/v1/projects/guru-com-vc/global/sslCertificates/certificates",
            "subject_alternative_names": [],
            "timeouts": null,
            "type": "MANAGED"
          },
          "sensitive_attributes": [],
          "private": "eyJlMmJmYjczMC1lY2FhLTExZTYtOGY4OC0zNDM2M2JjN2M0YzAiOnsiY3JlYXRlIjoxODAwMDAwMDAwMDAwLCJkZWxldGUiOjE4MDAwMDAwMDAwMDB9fQ==",
          "create_before_destroy": true
        }
      ]
    },
    {
      "mode": "managed",
      "type": "google_compute_region_backend_service",
      "name": "backend-ilb",
      "provider": "provider[\"registry.terraform.io/hashicorp/google\"]",
      "instances": [
        {
          "schema_version": 1,
          "attributes": {
            "affinity_cookie_ttl_sec": 0,
            "backend": [
              {
                "balancing_mode": "UTILIZATION",
                "capacity_scaler": 1,
                "description": "",
                "failover": false,
                "group": "https://www.googleapis.com/compute/v1/projects/guru-com-vc/regions/southamerica-east1/networkEndpointGroups/psc-neg-southamerica-east1-apigee-internal",
                "max_connections": 0,
                "max_connections_per_endpoint": 0,
                "max_connections_per_instance": 0,
                "max_rate": 0,
                "max_rate_per_endpoint": 0,
                "max_rate_per_instance": 0,
                "max_utilization": 0
              }
            ],
            "cdn_policy": [],
            "circuit_breakers": [],
            "connection_draining_timeout_sec": 0,
            "consistent_hash": [],
            "creation_timestamp": "2023-09-06T06:47:21.148-07:00",
            "description": "",
            "enable_cdn": false,
            "failover_policy": [],
            "fingerprint": "F2s48GocJVo=",
            "health_checks": [],
            "iap": [],
            "id": "projects/guru-com-vc/regions/southamerica-east1/backendServices/backend-ilb",
            "load_balancing_scheme": "INTERNAL_MANAGED",
            "locality_lb_policy": "",
            "log_config": [],
            "name": "backend-ilb",
            "network": "",
            "outlier_detection": [],
            "port_name": "http",
            "project": "guru-com-vc",
            "protocol": "HTTP",
            "region": "southamerica-east1",
            "self_link": "https://www.googleapis.com/compute/v1/projects/guru-com-vc/regions/southamerica-east1/backendServices/backend-ilb",
            "session_affinity": "NONE",
            "timeout_sec": 10,
            "timeouts": null
          },
          "sensitive_attributes": [],
          "private": "eyJlMmJmYjczMC1lY2FhLTExZTYtOGY4OC0zNDM2M2JjN2M0YzAiOnsiY3JlYXRlIjoxMjAwMDAwMDAwMDAwLCJkZWxldGUiOjEyMDAwMDAwMDAwMDAsInVwZGF0ZSI6MTIwMDAwMDAwMDAwMH0sInNjaGVtYV92ZXJzaW9uIjoiMSJ9",
          "dependencies": [
            "google_compute_region_network_endpoint_group.psc_internal_neg"
          ]
        }
      ]
    },
    {
      "mode": "managed",
      "type": "google_compute_region_network_endpoint_group",
      "name": "psc_internal_neg",
      "provider": "provider[\"registry.terraform.io/hashicorp/google\"]",
      "instances": [
        {
          "schema_version": 0,
          "attributes": {
            "app_engine": [],
            "cloud_function": [],
            "cloud_run": [],
            "description": "",
            "id": "projects/guru-com-vc/regions/southamerica-east1/networkEndpointGroups/psc-neg-southamerica-east1-apigee-internal",
            "name": "psc-neg-southamerica-east1-apigee-internal",
            "network": "https://www.googleapis.com/compute/v1/projects/guru-com-vc/global/networks/guru-gcp-prd",
            "network_endpoint_type": "PRIVATE_SERVICE_CONNECT",
            "project": "guru-com-vc",
            "psc_target_service": "projects/ub9770edae24cf124p-tp/regions/southamerica-east1/serviceAttachments/apigee-southamerica-east1-k0r2",
            "region": "https://www.googleapis.com/compute/v1/projects/guru-com-vc/regions/southamerica-east1",
            "self_link": "https://www.googleapis.com/compute/v1/projects/guru-com-vc/regions/southamerica-east1/networkEndpointGroups/psc-neg-southamerica-east1-apigee-internal",
            "subnetwork": "https://www.googleapis.com/compute/v1/projects/guru-com-vc/regions/southamerica-east1/subnetworks/guru-private-sa-prd",
            "timeouts": null
          },
          "sensitive_attributes": [],
          "private": "eyJlMmJmYjczMC1lY2FhLTExZTYtOGY4OC0zNDM2M2JjN2M0YzAiOnsiY3JlYXRlIjoxMjAwMDAwMDAwMDAwLCJkZWxldGUiOjEyMDAwMDAwMDAwMDB9fQ==",
          "create_before_destroy": true
        }
      ]
    },
    {
      "mode": "managed",
      "type": "google_compute_region_network_endpoint_group",
      "name": "psc_neg",
      "provider": "provider[\"registry.terraform.io/hashicorp/google\"]",
      "instances": [
        {
          "schema_version": 0,
          "attributes": {
            "app_engine": [],
            "cloud_function": [],
            "cloud_run": [],
            "description": "",
            "id": "projects/guru-com-vc/regions/southamerica-east1/networkEndpointGroups/psc-neg-southamerica-east1-apigee",
            "name": "psc-neg-southamerica-east1-apigee",
            "network": "https://www.googleapis.com/compute/v1/projects/guru-com-vc/global/networks/guru-gcp-prd",
            "network_endpoint_type": "PRIVATE_SERVICE_CONNECT",
            "project": "guru-com-vc",
            "psc_target_service": "projects/ub9770edae24cf124p-tp/regions/southamerica-east1/serviceAttachments/apigee-southamerica-east1-k0r2",
            "region": "https://www.googleapis.com/compute/v1/projects/guru-com-vc/regions/southamerica-east1",
            "self_link": "https://www.googleapis.com/compute/v1/projects/guru-com-vc/regions/southamerica-east1/networkEndpointGroups/psc-neg-southamerica-east1-apigee",
            "subnetwork": "https://www.googleapis.com/compute/v1/projects/guru-com-vc/regions/southamerica-east1/subnetworks/guru-private-sa-prd",
            "timeouts": null
          },
          "sensitive_attributes": [],
          "private": "eyJlMmJmYjczMC1lY2FhLTExZTYtOGY4OC0zNDM2M2JjN2M0YzAiOnsiY3JlYXRlIjoxMjAwMDAwMDAwMDAwLCJkZWxldGUiOjEyMDAwMDAwMDAwMDB9fQ==",
          "create_before_destroy": true
        }
      ]
    },
    {
      "mode": "managed",
      "type": "google_compute_region_target_http_proxy",
      "name": "proxy-ilb",
      "provider": "provider[\"registry.terraform.io/hashicorp/google\"]",
      "instances": [
        {
          "schema_version": 0,
          "attributes": {
            "creation_timestamp": "2023-09-06T06:47:54.945-07:00",
            "description": "",
            "id": "projects/guru-com-vc/regions/southamerica-east1/targetHttpProxies/proxy-http-apigee",
            "name": "proxy-http-apigee",
            "project": "guru-com-vc",
            "proxy_id": 1038558863786589669,
            "region": "southamerica-east1",
            "self_link": "https://www.googleapis.com/compute/v1/projects/guru-com-vc/regions/southamerica-east1/targetHttpProxies/proxy-http-apigee",
            "timeouts": null,
            "url_map": "https://www.googleapis.com/compute/v1/projects/guru-com-vc/regions/southamerica-east1/urlMaps/lb-apigee-internal"
          },
          "sensitive_attributes": [],
          "private": "eyJlMmJmYjczMC1lY2FhLTExZTYtOGY4OC0zNDM2M2JjN2M0YzAiOnsiY3JlYXRlIjoxMjAwMDAwMDAwMDAwLCJkZWxldGUiOjEyMDAwMDAwMDAwMDAsInVwZGF0ZSI6MTIwMDAwMDAwMDAwMH19",
          "dependencies": [
            "google_compute_region_backend_service.backend-ilb",
            "google_compute_region_network_endpoint_group.psc_internal_neg",
            "google_compute_region_url_map.url_map_ilb"
          ]
        }
      ]
    },
    {
      "mode": "managed",
      "type": "google_compute_region_url_map",
      "name": "url_map_ilb",
      "provider": "provider[\"registry.terraform.io/hashicorp/google\"]",
      "instances": [
        {
          "schema_version": 0,
          "attributes": {
            "creation_timestamp": "2023-09-06T06:47:43.253-07:00",
            "default_route_action": [],
            "default_service": "https://www.googleapis.com/compute/v1/projects/guru-com-vc/regions/southamerica-east1/backendServices/backend-ilb",
            "default_url_redirect": [],
            "description": "",
            "fingerprint": "herE4crzYfY=",
            "host_rule": [],
            "id": "projects/guru-com-vc/regions/southamerica-east1/urlMaps/lb-apigee-internal",
            "map_id": 2982871132548709392,
            "name": "lb-apigee-internal",
            "path_matcher": [],
            "project": "guru-com-vc",
            "region": "southamerica-east1",
            "self_link": "https://www.googleapis.com/compute/v1/projects/guru-com-vc/regions/southamerica-east1/urlMaps/lb-apigee-internal",
            "test": [],
            "timeouts": null
          },
          "sensitive_attributes": [],
          "private": "eyJlMmJmYjczMC1lY2FhLTExZTYtOGY4OC0zNDM2M2JjN2M0YzAiOnsiY3JlYXRlIjoxMjAwMDAwMDAwMDAwLCJkZWxldGUiOjEyMDAwMDAwMDAwMDAsInVwZGF0ZSI6MTIwMDAwMDAwMDAwMH19",
          "dependencies": [
            "google_compute_region_backend_service.backend-ilb",
            "google_compute_region_network_endpoint_group.psc_internal_neg"
          ]
        }
      ]
    },
    {
      "mode": "managed",
      "type": "google_compute_target_https_proxy",
      "name": "default",
      "provider": "provider[\"registry.terraform.io/hashicorp/google\"]",
      "instances": [
        {
          "schema_version": 0,
          "attributes": {
            "certificate_map": "",
            "creation_timestamp": "2023-09-18T15:24:56.131-07:00",
            "description": "",
            "http_keep_alive_timeout_sec": 0,
            "id": "projects/guru-com-vc/global/targetHttpsProxies/loadbalancer-https-proxy",
            "name": "loadbalancer-https-proxy",
            "project": "guru-com-vc",
            "proxy_bind": false,
            "proxy_id": 8395093000038215895,
            "quic_override": "NONE",
            "self_link": "https://www.googleapis.com/compute/v1/projects/guru-com-vc/global/targetHttpsProxies/loadbalancer-https-proxy",
            "ssl_certificates": [
              "https://www.googleapis.com/compute/v1/projects/guru-com-vc/global/sslCertificates/certificates"
            ],
            "ssl_policy": "",
            "timeouts": null,
            "url_map": "https://www.googleapis.com/compute/v1/projects/guru-com-vc/global/urlMaps/lb-apigee"
          },
          "sensitive_attributes": [],
          "private": "eyJlMmJmYjczMC1lY2FhLTExZTYtOGY4OC0zNDM2M2JjN2M0YzAiOnsiY3JlYXRlIjoxMjAwMDAwMDAwMDAwLCJkZWxldGUiOjEyMDAwMDAwMDAwMDAsInVwZGF0ZSI6MTIwMDAwMDAwMDAwMH19",
          "dependencies": [
            "google_compute_backend_service.psc_backend",
            "google_compute_region_network_endpoint_group.psc_neg",
            "google_compute_url_map.url_map"
          ]
        }
      ]
    },
    {
      "mode": "managed",
      "type": "google_compute_url_map",
      "name": "url_map",
      "provider": "provider[\"registry.terraform.io/hashicorp/google\"]",
      "instances": [
        {
          "schema_version": 0,
          "attributes": {
            "creation_timestamp": "2023-09-18T15:24:43.643-07:00",
            "default_route_action": [],
            "default_service": "https://www.googleapis.com/compute/v1/projects/guru-com-vc/global/backendServices/apigee-loadbalancer-externo-backend",
            "default_url_redirect": [],
            "description": "",
            "fingerprint": "Sz3JuqH5h30=",
            "header_action": [],
            "host_rule": [],
            "id": "projects/guru-com-vc/global/urlMaps/lb-apigee",
            "map_id": 871770779600384196,
            "name": "lb-apigee",
            "path_matcher": [],
            "project": "guru-com-vc",
            "self_link": "https://www.googleapis.com/compute/v1/projects/guru-com-vc/global/urlMaps/lb-apigee",
            "test": [],
            "timeouts": null
          },
          "sensitive_attributes": [],
          "private": "eyJlMmJmYjczMC1lY2FhLTExZTYtOGY4OC0zNDM2M2JjN2M0YzAiOnsiY3JlYXRlIjoxMjAwMDAwMDAwMDAwLCJkZWxldGUiOjEyMDAwMDAwMDAwMDAsInVwZGF0ZSI6MTIwMDAwMDAwMDAwMH19",
          "dependencies": [
            "google_compute_backend_service.psc_backend",
            "google_compute_region_network_endpoint_group.psc_neg"
          ]
        }
      ]
    }
  ],
  "check_results": null
}
