{
  "version": 4,
  "terraform_version": "1.5.1",
  "serial": 2,
  "lineage": "de0276d0-5450-c03b-698e-781a5e2a3e7a",
  "outputs": {},
  "resources": [
    {
      "mode": "data",
      "type": "google_compute_network",
      "name": "vpc-guru",
      "provider": "provider[\"registry.terraform.io/hashicorp/google\"]",
      "instances": [
        {
          "schema_version": 0,
          "attributes": {
            "description": "",
            "gateway_ipv4": "",
            "id": "projects/guru-com-vc/global/networks/guru-gcp-prd",
            "name": "guru-gcp-prd",
            "project": null,
            "self_link": "https://www.googleapis.com/compute/v1/projects/guru-com-vc/global/networks/guru-gcp-prd",
            "subnetworks_self_links": [
              "https://www.googleapis.com/compute/v1/projects/guru-com-vc/regions/us-east1/subnetworks/guru-private-us-prd",
              "https://www.googleapis.com/compute/v1/projects/guru-com-vc/regions/us-east1/subnetworks/guru-public-us-prd",
              "https://www.googleapis.com/compute/v1/projects/guru-com-vc/regions/southamerica-east1/subnetworks/guru-private-sa-prd",
              "https://www.googleapis.com/compute/v1/projects/guru-com-vc/regions/southamerica-east1/subnetworks/guru-apigee-prd-2",
              "https://www.googleapis.com/compute/v1/projects/guru-com-vc/regions/southamerica-east1/subnetworks/guru-public-sa-prd",
              "https://www.googleapis.com/compute/v1/projects/guru-com-vc/regions/southamerica-east1/subnetworks/guru-isolated-sa-prd",
              "https://www.googleapis.com/compute/v1/projects/guru-com-vc/regions/us-east1/subnetworks/guru-isolated-us-prd",
              "https://www.googleapis.com/compute/v1/projects/guru-com-vc/regions/us-east1/subnetworks/guru-private-functions-us-prd",
              "https://www.googleapis.com/compute/v1/projects/guru-com-vc/regions/southamerica-east1/subnetworks/guru-private-functions-sa-prd",
              "https://www.googleapis.com/compute/v1/projects/guru-com-vc/regions/southamerica-east1/subnetworks/guru-prd-apigee-proxy"
            ]
          },
          "sensitive_attributes": []
        }
      ]
    },
    {
      "mode": "managed",
      "type": "google_compute_subnetwork",
      "name": "sn-public-sec",
      "provider": "provider[\"registry.terraform.io/hashicorp/google\"]",
      "instances": [
        {
          "schema_version": 0,
          "attributes": {
            "creation_timestamp": "2023-09-18T14:58:17.530-07:00",
            "description": "",
            "external_ipv6_prefix": "",
            "fingerprint": null,
            "gateway_address": "10.210.108.1",
            "id": "projects/guru-com-vc/regions/southamerica-east1/subnetworks/guru-apigee-prd-2",
            "ip_cidr_range": "10.210.108.0/24",
            "ipv6_access_type": "",
            "ipv6_cidr_range": "",
            "log_config": [],
            "name": "guru-apigee-prd-2",
            "network": "https://www.googleapis.com/compute/v1/projects/guru-com-vc/global/networks/guru-gcp-prd",
            "private_ip_google_access": false,
            "private_ipv6_google_access": "DISABLE_GOOGLE_ACCESS",
            "project": "guru-com-vc",
            "purpose": "PRIVATE",
            "region": "southamerica-east1",
            "role": "",
            "secondary_ip_range": [],
            "self_link": "https://www.googleapis.com/compute/v1/projects/guru-com-vc/regions/southamerica-east1/subnetworks/guru-apigee-prd-2",
            "stack_type": "IPV4_ONLY",
            "timeouts": {
              "create": null,
              "delete": null,
              "update": null
            }
          },
          "sensitive_attributes": [],
          "private": "eyJlMmJmYjczMC1lY2FhLTExZTYtOGY4OC0zNDM2M2JjN2M0YzAiOnsiY3JlYXRlIjoxMjAwMDAwMDAwMDAwLCJkZWxldGUiOjEyMDAwMDAwMDAwMDAsInVwZGF0ZSI6MTIwMDAwMDAwMDAwMH0sInNjaGVtYV92ZXJzaW9uIjoiMCJ9"
        }
      ]
    }
  ],
  "check_results": null
}
